<?xml version="1.0" encoding="utf-8"?>
<Project ToolsVersion="4.0" xmlns="http://schemas.microsoft.com/developer/msbuild/2003">
  <ItemGroup>
    <Filter Include="Resources">
      <UniqueIdentifier>{44672d1e-7a2b-4400-a2d8-7b9ea93a80c1}</UniqueIdentifier>
    </Filter>
  </ItemGroup>
  <ItemGroup>
    <Midl Include="DirectConnectionTLTypes.idl">
      <Filter>Resources</Filter>
    </Midl>
    <Midl Include="DirectConnectionTLInterface.idl">
      <Filter>Resources</Filter>
    </Midl>
    <Midl Include="DirectConnectionTLHostInterface.idl">
      <Filter>Resources</Filter>
    </Midl>
  </ItemGroup>
</Project>